github.com/google/uuid v1.6.0 h1:NIvaJDMOsjHA8n1jAhLSgzrAzy1Hgr+hNrb57e+94F0=
github.com/google/uuid v1.6.0/go.mod h1:TIyPZe4MgqvfeYDBFedMoGGpEw/LqOeaOT+nhxU+yHo=
github.com/heroiclabs/nakama-common v1.41.0 h1:ww65qyjDRNRhbFVfFQ7z/9mFXCTNaaRbNrUCOQg+1FI=
github.com/heroiclabs/nakama-common v1.41.0/go.mod h1:E4yiMQmn8KHQ77WqBLVUfazdiPnwFYWqUrfGOrqOXk8=
google.golang.org/protobuf v1.36.8 h1:xHScyCOEuuwZEc6UtSOvPbAT4zRh0xcNRYekJwfqyMc=
google.golang.org/protobuf v1.36.8/go.mod h1:fuxRtAxBytpl4zzqUh6/eyUujkJdNiuEkXntxiD/uRU=
